
Microsoft Visual Studio Solution File, Format Version 12.00
# Visual Studio Version 17
VisualStudioVersion = 17.5.002.0
MinimumVisualStudioVersion = 10.0.40219.1
Project("{9A19103F-16F7-4668-BE54-9A1E7A4F7556}") = "StraftatNoSlideTimer", "src/StraftatNoSlideTimer/StraftatNoSlideTimer.csproj", "{C0E3FA37-2EA5-46FC-970E-CA0E09A19F56}"
EndProject
Global
	GlobalSection(SolutionConfigurationPlatforms) = preSolution
		Debug|Any CPU = Debug|Any CPU
		Release|Any CPU = Release|Any CPU
	EndGlobalSection
	GlobalSection(ProjectConfigurationPlatforms) = postSolution
		{C0E3FA37-2EA5-46FC-970E-CA0E09A19F56}.Debug|Any CPU.ActiveCfg = Debug|Any CPU
		{C0E3FA37-2EA5-46FC-970E-CA0E09A19F56}.Debug|Any CPU.Build.0 = Debug|Any CPU
		{C0E3FA37-2EA5-46FC-970E-CA0E09A19F56}.Release|Any CPU.ActiveCfg = Release|Any CPU
		{C0E3FA37-2EA5-46FC-970E-CA0E09A19F56}.Release|Any CPU.Build.0 = Release|Any CPU
	EndGlobalSection
	GlobalSection(SolutionProperties) = preSolution
		HideSolutionNode = FALSE
	EndGlobalSection
	GlobalSection(ExtensibilityGlobals) = postSolution
		SolutionGuid = {DFF3795A-C8CC-4F01-92DF-BC14E3E1BED0}
	EndGlobalSection
EndGlobal
