
Microsoft Visual Studio Solution File, Format Version 12.00
# Visual Studio Version 17
VisualStudioVersion = 17.5.002.0
MinimumVisualStudioVersion = 10.0.40219.1
Project("{2150E333-8FDC-42A3-9474-1A3956D46DE8}") = "src", "src", "{4C7258F8-3165-4AC9-AB2A-EAA15AC7EEF2}"
EndProject
Project("{9A19103F-16F7-4668-BE54-9A1E7A4F7556}") = "StraftatNoSlideTimer", "src\StraftatNoSlideTimer\StraftatNoSlideTimer.csproj", "{B64CD538-75DB-4C3F-9063-9E27FA85766B}"
EndProject
Global
	GlobalSection(SolutionConfigurationPlatforms) = preSolution
		Debug|Any CPU = Debug|Any CPU
		Release|Any CPU = Release|Any CPU
	EndGlobalSection
	GlobalSection(ProjectConfigurationPlatforms) = postSolution
		{B64CD538-75DB-4C3F-9063-9E27FA85766B}.Debug|Any CPU.ActiveCfg = Debug|Any CPU
		{B64CD538-75DB-4C3F-9063-9E27FA85766B}.Debug|Any CPU.Build.0 = Debug|Any CPU
		{B64CD538-75DB-4C3F-9063-9E27FA85766B}.Release|Any CPU.ActiveCfg = Release|Any CPU
		{B64CD538-75DB-4C3F-9063-9E27FA85766B}.Release|Any CPU.Build.0 = Release|Any CPU
	EndGlobalSection
	GlobalSection(SolutionProperties) = preSolution
		HideSolutionNode = FALSE
	EndGlobalSection
	GlobalSection(NestedProjects) = preSolution
		{B64CD538-75DB-4C3F-9063-9E27FA85766B} = {4C7258F8-3165-4AC9-AB2A-EAA15AC7EEF2}
	EndGlobalSection
	GlobalSection(ExtensibilityGlobals) = postSolution
		SolutionGuid = {92F6D475-68F0-44D6-A1AF-A28F5948E381}
	EndGlobalSection
EndGlobal
